
Microsoft Visual Studio Solution File, Format Version 12.00
# Visual Studio Version 16
VisualStudioVersion = 16.0.31205.134
MinimumVisualStudioVersion = 10.0.40219.1
Project("{8BC9CEB8-8B4A-11D0-8D11-00A0C91BC942}") = "Simulator", "Simulator\Simulator.vcxproj", "{4E3E5C68-8616-4B07-92A6-BFF40967BB25}"
EndProject
Global
	GlobalSection(SolutionConfigurationPlatforms) = preSolution
		Debug|x64 = Debug|x64
		Debug|x86 = Debug|x86
		Release|x64 = Release|x64
		Release|x86 = Release|x86
	EndGlobalSection
	GlobalSection(ProjectConfigurationPlatforms) = postSolution
		{4E3E5C68-8616-4B07-92A6-BFF40967BB25}.Debug|x64.ActiveCfg = Debug|x64
		{4E3E5C68-8616-4B07-92A6-BFF40967BB25}.Debug|x64.Build.0 = Debug|x64
		{4E3E5C68-8616-4B07-92A6-BFF40967BB25}.Debug|x86.ActiveCfg = Debug|Win32
		{4E3E5C68-8616-4B07-92A6-BFF40967BB25}.Debug|x86.Build.0 = Debug|Win32
		{4E3E5C68-8616-4B07-92A6-BFF40967BB25}.Release|x64.ActiveCfg = Release|x64
		{4E3E5C68-8616-4B07-92A6-BFF40967BB25}.Release|x64.Build.0 = Release|x64
		{4E3E5C68-8616-4B07-92A6-BFF40967BB25}.Release|x86.ActiveCfg = Release|Win32
		{4E3E5C68-8616-4B07-92A6-BFF40967BB25}.Release|x86.Build.0 = Release|Win32
	EndGlobalSection
	GlobalSection(SolutionProperties) = preSolution
		HideSolutionNode = FALSE
	EndGlobalSection
	GlobalSection(ExtensibilityGlobals) = postSolution
		SolutionGuid = {2A87C77C-BFD0-4C4C-BCA4-663C345AA495}
	EndGlobalSection
EndGlobal
